
Microsoft Visual Studio Solution File, Format Version 12.00
# Visual Studio Version 17
VisualStudioVersion = 17.11.35303.130
MinimumVisualStudioVersion = 10.0.40219.1
Project("{FAE04EC0-301F-11D3-BF4B-00C04F79EFBC}") = "TSPL", "TSPL.csproj", "{C63FE6FB-5F83-4FBC-B191-2662DE4570BA}"
EndProject
Global
	GlobalSection(SolutionConfigurationPlatforms) = preSolution
		Debug|Any CPU = Debug|Any CPU
		Release|Any CPU = Release|Any CPU
	EndGlobalSection
	GlobalSection(ProjectConfigurationPlatforms) = postSolution
		{C63FE6FB-5F83-4FBC-B191-2662DE4570BA}.Debug|Any CPU.ActiveCfg = Debug|Any CPU
		{C63FE6FB-5F83-4FBC-B191-2662DE4570BA}.Debug|Any CPU.Build.0 = Debug|Any CPU
		{C63FE6FB-5F83-4FBC-B191-2662DE4570BA}.Release|Any CPU.ActiveCfg = Release|Any CPU
		{C63FE6FB-5F83-4FBC-B191-2662DE4570BA}.Release|Any CPU.Build.0 = Release|Any CPU
	EndGlobalSection
	GlobalSection(SolutionProperties) = preSolution
		HideSolutionNode = FALSE
	EndGlobalSection
	GlobalSection(ExtensibilityGlobals) = postSolution
		SolutionGuid = {670B89B4-ADCA-4BCA-AF6F-EB96E5BC9C3D}
	EndGlobalSection
EndGlobal
